
Microsoft Visual Studio Solution File, Format Version 12.00
# Visual Studio Version 17
VisualStudioVersion = 17.4.33213.308
MinimumVisualStudioVersion = 10.0.40219.1
Project("{FAE04EC0-301F-11D3-BF4B-00C04F79EFBC}") = "New_Splash_Screen", "New Splash Screen\New_Splash_Screen.csproj", "{0DF28A7A-87F4-4531-B34B-3D94A0A8BF78}"
EndProject
Global
	GlobalSection(SolutionConfigurationPlatforms) = preSolution
		Debug|Any CPU = Debug|Any CPU
		Release|Any CPU = Release|Any CPU
	EndGlobalSection
	GlobalSection(ProjectConfigurationPlatforms) = postSolution
		{0DF28A7A-87F4-4531-B34B-3D94A0A8BF78}.Debug|Any CPU.ActiveCfg = Debug|Any CPU
		{0DF28A7A-87F4-4531-B34B-3D94A0A8BF78}.Debug|Any CPU.Build.0 = Debug|Any CPU
		{0DF28A7A-87F4-4531-B34B-3D94A0A8BF78}.Release|Any CPU.ActiveCfg = Release|Any CPU
		{0DF28A7A-87F4-4531-B34B-3D94A0A8BF78}.Release|Any CPU.Build.0 = Release|Any CPU
	EndGlobalSection
	GlobalSection(SolutionProperties) = preSolution
		HideSolutionNode = FALSE
	EndGlobalSection
	GlobalSection(ExtensibilityGlobals) = postSolution
		SolutionGuid = {7BD683A6-3551-43AE-9DAF-51867E650296}
	EndGlobalSection
EndGlobal
